
Microsoft Visual Studio Solution File, Format Version 12.00
# Visual Studio Version 17
VisualStudioVersion = 17.11.35222.181
MinimumVisualStudioVersion = 10.0.40219.1
Project("{888888A0-9F3D-457C-B088-3A5042F75D52}") = "assignment3_Hogan", "assignment3_Hogan.pyproj", "{B3144720-B52B-4B74-A5A6-CAC57CC43A37}"
EndProject
Global
	GlobalSection(SolutionConfigurationPlatforms) = preSolution
		Debug|Any CPU = Debug|Any CPU
		Release|Any CPU = Release|Any CPU
	EndGlobalSection
	GlobalSection(ProjectConfigurationPlatforms) = postSolution
		{B3144720-B52B-4B74-A5A6-CAC57CC43A37}.Debug|Any CPU.ActiveCfg = Debug|Any CPU
		{B3144720-B52B-4B74-A5A6-CAC57CC43A37}.Release|Any CPU.ActiveCfg = Release|Any CPU
	EndGlobalSection
	GlobalSection(SolutionProperties) = preSolution
		HideSolutionNode = FALSE
	EndGlobalSection
	GlobalSection(ExtensibilityGlobals) = postSolution
		SolutionGuid = {CA14A628-BFB7-4603-90CE-119CC0A4B6A3}
	EndGlobalSection
EndGlobal
